
Microsoft Visual Studio Solution File, Format Version 12.00
# Visual Studio Version 17
VisualStudioVersion = 17.8.34330.188
MinimumVisualStudioVersion = 10.0.40219.1
Project("{9A19103F-16F7-4668-BE54-9A1E7A4F7556}") = "StaffTrackApp.SAL", "StaffTrackApp.SAL\StaffTrackApp.SAL.csproj", "{D26B02D5-93E4-467C-9B34-19A581A74A96}"
EndProject
Project("{9A19103F-16F7-4668-BE54-9A1E7A4F7556}") = "StaffTrackApp.DAL", "StaffTrackApp.DAL\StaffTrackApp.DAL.csproj", "{5141DB5F-3A88-442F-8732-EA3B0964BA68}"
EndProject
Project("{9A19103F-16F7-4668-BE54-9A1E7A4F7556}") = "StaffTrackApp.PL", "StaffTrackApp.PL\StaffTrackApp.PL.csproj", "{4E5C2111-3B50-47F1-8E13-EBB2ECEAB01F}"
EndProject
Project("{9A19103F-16F7-4668-BE54-9A1E7A4F7556}") = "StaffTrackApp.Common", "StaffTrackApp.Common\StaffTrackApp.Common.csproj", "{D55EB9AF-EF6A-4E2D-97F0-6D0D74D07FC5}"
EndProject
Global
	GlobalSection(SolutionConfigurationPlatforms) = preSolution
		Debug|Any CPU = Debug|Any CPU
		Release|Any CPU = Release|Any CPU
	EndGlobalSection
	GlobalSection(ProjectConfigurationPlatforms) = postSolution
		{D26B02D5-93E4-467C-9B34-19A581A74A96}.Debug|Any CPU.ActiveCfg = Debug|Any CPU
		{D26B02D5-93E4-467C-9B34-19A581A74A96}.Debug|Any CPU.Build.0 = Debug|Any CPU
		{D26B02D5-93E4-467C-9B34-19A581A74A96}.Release|Any CPU.ActiveCfg = Release|Any CPU
		{D26B02D5-93E4-467C-9B34-19A581A74A96}.Release|Any CPU.Build.0 = Release|Any CPU
		{5141DB5F-3A88-442F-8732-EA3B0964BA68}.Debug|Any CPU.ActiveCfg = Debug|Any CPU
		{5141DB5F-3A88-442F-8732-EA3B0964BA68}.Debug|Any CPU.Build.0 = Debug|Any CPU
		{5141DB5F-3A88-442F-8732-EA3B0964BA68}.Release|Any CPU.ActiveCfg = Release|Any CPU
		{5141DB5F-3A88-442F-8732-EA3B0964BA68}.Release|Any CPU.Build.0 = Release|Any CPU
		{4E5C2111-3B50-47F1-8E13-EBB2ECEAB01F}.Debug|Any CPU.ActiveCfg = Debug|Any CPU
		{4E5C2111-3B50-47F1-8E13-EBB2ECEAB01F}.Debug|Any CPU.Build.0 = Debug|Any CPU
		{4E5C2111-3B50-47F1-8E13-EBB2ECEAB01F}.Release|Any CPU.ActiveCfg = Release|Any CPU
		{4E5C2111-3B50-47F1-8E13-EBB2ECEAB01F}.Release|Any CPU.Build.0 = Release|Any CPU
		{D55EB9AF-EF6A-4E2D-97F0-6D0D74D07FC5}.Debug|Any CPU.ActiveCfg = Debug|Any CPU
		{D55EB9AF-EF6A-4E2D-97F0-6D0D74D07FC5}.Debug|Any CPU.Build.0 = Debug|Any CPU
		{D55EB9AF-EF6A-4E2D-97F0-6D0D74D07FC5}.Release|Any CPU.ActiveCfg = Release|Any CPU
		{D55EB9AF-EF6A-4E2D-97F0-6D0D74D07FC5}.Release|Any CPU.Build.0 = Release|Any CPU
	EndGlobalSection
	GlobalSection(SolutionProperties) = preSolution
		HideSolutionNode = FALSE
	EndGlobalSection
	GlobalSection(ExtensibilityGlobals) = postSolution
		SolutionGuid = {D42651BF-576E-478D-93D2-5FAD83E36818}
	EndGlobalSection
EndGlobal
